<?xml version="1.0" encoding="UTF-8" standalone="yes" ?>
<CodeBlocks_project_file>
	<FileVersion major="1" minor="6" />
	<Project>
		<Option title="Disivasion" />
		<Option pch_mode="2" />
		<Option compiler="gcc" />
		<Build>
			<Target title="Debug">
				<Option output="bin/Debug/Disivasion" prefix_auto="1" extension_auto="1" />
				<Option object_output="obj/Debug/" />
				<Option type="1" />
				<Option compiler="gcc" />
				<Compiler>
					<Add option="-g" />
					<Add directory="include" />
				</Compiler>
				<Linker>
					<Add option="-glfw" />
				</Linker>
			</Target>
			<Target title="Release">
				<Option output="bin/Release/Disivasion" prefix_auto="1" extension_auto="1" />
				<Option object_output="obj/Release/" />
				<Option type="1" />
				<Option compiler="gcc" />
				<Compiler>
					<Add option="-O2" />
					<Add directory="include" />
				</Compiler>
				<Linker>
					<Add option="-s" />
				</Linker>
			</Target>
		</Build>
		<Compiler>
			<Add option="-Wall" />
		</Compiler>
		<Unit filename="include/Background.h" />
		<Unit filename="include/Imagem.h" />
		<Unit filename="include/Input.h" />
		<Unit filename="include/Mateus.h" />
		<Unit filename="include/Ovelha.h" />
		<Unit filename="include/State.h" />
		<Unit filename="include/State_end.h" />
		<Unit filename="include/State_manager.h" />
		<Unit filename="include/State_op.h" />
		<Unit filename="include/State_play.h" />
		<Unit filename="include/Tiro.h" />
		<Unit filename="include/playAPCBase.h" />
		<Unit filename="src/Background.cpp" />
		<Unit filename="src/Imagem.cpp" />
		<Unit filename="src/Input.cpp" />
		<Unit filename="src/Mateus.cpp" />
		<Unit filename="src/Ovelha.cpp" />
		<Unit filename="src/State_end.cpp" />
		<Unit filename="src/State_manager.cpp" />
		<Unit filename="src/State_op.cpp" />
		<Unit filename="src/State_play.cpp" />
		<Unit filename="src/Tiro.cpp" />
		<Unit filename="src/main.cpp" />
		<Unit filename="src/playAPCBase.cpp" />
		<Extensions>
			<code_completion />
			<envvars />
			<debugger />
			<lib_finder disable_auto="1" />
		</Extensions>
	</Project>
</CodeBlocks_project_file>
